// !$*UTF8*$!
{
	archiveVersion = 1;
	classes = {
	};
	objectVersion = 50;
	objects = {

/* Begin PBXBuildFile section */
		7D1ACD3221A498C400949D23 /* AppDelegate.swift in Sources */ = {isa = PBXBuildFile; fileRef = 7D1ACD3121A498C400949D23 /* AppDelegate.swift */; };
		7D1ACD3421A498C400949D23 /* ViewController.swift in Sources */ = {isa = PBXBuildFile; fileRef = 7D1ACD3321A498C400949D23 /* ViewController.swift */; };
		7D1ACD3721A498C400949D23 /* Main.storyboard in Resources */ = {isa = PBXBuildFile; fileRef = 7D1ACD3521A498C400949D23 /* Main.storyboard */; };
		7D1ACD3C21A498C600949D23 /* LaunchScreen.storyboard in Resources */ = {isa = PBXBuildFile; fileRef = 7D1ACD3A21A498C600949D23 /* LaunchScreen.storyboard */; };
		7D1ACD4721A498C600949D23 /* InstagramTests.swift in Sources */ = {isa = PBXBuildFile; fileRef = 7D1ACD4621A498C600949D23 /* InstagramTests.swift */; };
		7D1ACD5221A498C600949D23 /* InstagramUITests.swift in Sources */ = {isa = PBXBuildFile; fileRef = 7D1ACD5121A498C600949D23 /* InstagramUITests.swift */; };
		7D1ACD6021A49D8500949D23 /* LoginViewController.swift in Sources */ = {isa = PBXBuildFile; fileRef = 7D1ACD5F21A49D8500949D23 /* LoginViewController.swift */; };
		7DCAB6B821B994470026A96E /* HomeFeedViewController.swift in Sources */ = {isa = PBXBuildFile; fileRef = 7DCAB6B721B994470026A96E /* HomeFeedViewController.swift */; };
		7DF099B321BDAD750087710C /* Assets.xcassets in Resources */ = {isa = PBXBuildFile; fileRef = 7DF099B221BDAD750087710C /* Assets.xcassets */; };
		7DF099B521BDC3900087710C /* PhotosViewViewController.swift in Sources */ = {isa = PBXBuildFile; fileRef = 7DF099B421BDC3900087710C /* PhotosViewViewController.swift */; };
		7DF099F921C1B4800087710C /* File.swift in Sources */ = {isa = PBXBuildFile; fileRef = 7DF099F821C1B4800087710C /* File.swift */; };
		7DF09A0321C2DA740087710C /* PhotoCell.swift in Sources */ = {isa = PBXBuildFile; fileRef = 7DF09A0221C2DA740087710C /* PhotoCell.swift */; };
		7DF09A0521C2ED0F0087710C /* DetailsViewController.swift in Sources */ = {isa = PBXBuildFile; fileRef = 7DF09A0421C2ED0F0087710C /* DetailsViewController.swift */; };
		80FBEBEF427AF3410E3D9DD7 /* Pods_InstagramTests.framework in Frameworks */ = {isa = PBXBuildFile; fileRef = 66C2E9C52F2DFABAE55AB914 /* Pods_InstagramTests.framework */; };
		D366BC7FE71977C553D3DDFF /* Pods_Instagram.framework in Frameworks */ = {isa = PBXBuildFile; fileRef = 92BADFE431DD6A33D6F7AF46 /* Pods_Instagram.framework */; };
		D4C6937633807EEA304C558E /* Pods_InstagramUITests.framework in Frameworks */ = {isa = PBXBuildFile; fileRef = E14C2CEC9A63025FC7FD3FD7 /* Pods_InstagramUITests.framework */; };
/* End PBXBuildFile section */

/* Begin PBXContainerItemProxy section */
		7D1ACD4321A498C600949D23 /* PBXContainerItemProxy */ = {
			isa = PBXContainerItemProxy;
			containerPortal = 7D1ACD2621A498C400949D23 /* Project object */;
			proxyType = 1;
			remoteGlobalIDString = 7D1ACD2D21A498C400949D23;
			remoteInfo = Instagram;
		};
		7D1ACD4E21A498C600949D23 /* PBXContainerItemProxy */ = {
			isa = PBXContainerItemProxy;
			containerPortal = 7D1ACD2621A498C400949D23 /* Project object */;
			proxyType = 1;
			remoteGlobalIDString = 7D1ACD2D21A498C400949D23;
			remoteInfo = Instagram;
		};
/* End PBXContainerItemProxy section */

/* Begin PBXFileReference section */
		056B2C2E3894BB41729D6743 /* Pods-InstagramTests.release.xcconfig */ = {isa = PBXFileReference; includeInIndex = 1; lastKnownFileType = text.xcconfig; name = "Pods-InstagramTests.release.xcconfig"; path = "Pods/Target Support Files/Pods-InstagramTests/Pods-InstagramTests.release.xcconfig"; sourceTree = "<group>"; };
		18E0B758D197ABD292AB99CB /* Pods-InstagramUITests.release.xcconfig */ = {isa = PBXFileReference; includeInIndex = 1; lastKnownFileType = text.xcconfig; name = "Pods-InstagramUITests.release.xcconfig"; path = "Pods/Target Support Files/Pods-InstagramUITests/Pods-InstagramUITests.release.xcconfig"; sourceTree = "<group>"; };
		4897BE4FF24834DAE4EF3D83 /* Pods-Instagram.release.xcconfig */ = {isa = PBXFileReference; includeInIndex = 1; lastKnownFileType = text.xcconfig; name = "Pods-Instagram.release.xcconfig"; path = "Pods/Target Support Files/Pods-Instagram/Pods-Instagram.release.xcconfig"; sourceTree = "<group>"; };
		66C2E9C52F2DFABAE55AB914 /* Pods_InstagramTests.framework */ = {isa = PBXFileReference; explicitFileType = wrapper.framework; includeInIndex = 0; path = Pods_InstagramTests.framework; sourceTree = BUILT_PRODUCTS_DIR; };
		7C397DDE01895265A41F1319 /* Pods-Instagram.debug.xcconfig */ = {isa = PBXFileReference; includeInIndex = 1; lastKnownFileType = text.xcconfig; name = "Pods-Instagram.debug.xcconfig"; path = "Pods/Target Support Files/Pods-Instagram/Pods-Instagram.debug.xcconfig"; sourceTree = "<group>"; };
		7D1ACD2E21A498C400949D23 /* Instagram.app */ = {isa = PBXFileReference; explicitFileType = wrapper.application; includeInIndex = 0; path = Instagram.app; sourceTree = BUILT_PRODUCTS_DIR; };
		7D1ACD3121A498C400949D23 /* AppDelegate.swift */ = {isa = PBXFileReference; lastKnownFileType = sourcecode.swift; path = AppDelegate.swift; sourceTree = "<group>"; };
		7D1ACD3321A498C400949D23 /* ViewController.swift */ = {isa = PBXFileReference; lastKnownFileType = sourcecode.swift; path = ViewController.swift; sourceTree = "<group>"; };
		7D1ACD3621A498C400949D23 /* Base */ = {isa = PBXFileReference; lastKnownFileType = file.storyboard; name = Base; path = Base.lproj/Main.storyboard; sourceTree = "<group>"; };
		7D1ACD3B21A498C600949D23 /* Base */ = {isa = PBXFileReference; lastKnownFileType = file.storyboard; name = Base; path = Base.lproj/LaunchScreen.storyboard; sourceTree = "<group>"; };
		7D1ACD3D21A498C600949D23 /* Info.plist */ = {isa = PBXFileReference; lastKnownFileType = text.plist.xml; path = Info.plist; sourceTree = "<group>"; };
		7D1ACD4221A498C600949D23 /* InstagramTests.xctest */ = {isa = PBXFileReference; explicitFileType = wrapper.cfbundle; includeInIndex = 0; path = InstagramTests.xctest; sourceTree = BUILT_PRODUCTS_DIR; };
		7D1ACD4621A498C600949D23 /* InstagramTests.swift */ = {isa = PBXFileReference; lastKnownFileType = sourcecode.swift; path = InstagramTests.swift; sourceTree = "<group>"; };
		7D1ACD4821A498C600949D23 /* Info.plist */ = {isa = PBXFileReference; lastKnownFileType = text.plist.xml; path = Info.plist; sourceTree = "<group>"; };
		7D1ACD4D21A498C600949D23 /* InstagramUITests.xctest */ = {isa = PBXFileReference; explicitFileType = wrapper.cfbundle; includeInIndex = 0; path = InstagramUITests.xctest; sourceTree = BUILT_PRODUCTS_DIR; };
		7D1ACD5121A498C600949D23 /* InstagramUITests.swift */ = {isa = PBXFileReference; lastKnownFileType = sourcecode.swift; path = InstagramUITests.swift; sourceTree = "<group>"; };
		7D1ACD5321A498C600949D23 /* Info.plist */ = {isa = PBXFileReference; lastKnownFileType = text.plist.xml; path = Info.plist; sourceTree = "<group>"; };
		7D1ACD5F21A49D8500949D23 /* LoginViewController.swift */ = {isa = PBXFileReference; lastKnownFileType = sourcecode.swift; path = LoginViewController.swift; sourceTree = "<group>"; };
		7DCAB6B721B994470026A96E /* HomeFeedViewController.swift */ = {isa = PBXFileReference; lastKnownFileType = sourcecode.swift; path = HomeFeedViewController.swift; sourceTree = "<group>"; };
		7DF099B221BDAD750087710C /* Assets.xcassets */ = {isa = PBXFileReference; lastKnownFileType = folder.assetcatalog; path = Assets.xcassets; sourceTree = "<group>"; };
		7DF099B421BDC3900087710C /* PhotosViewViewController.swift */ = {isa = PBXFileReference; lastKnownFileType = sourcecode.swift; path = PhotosViewViewController.swift; sourceTree = "<group>"; };
		7DF099F821C1B4800087710C /* File.swift */ = {isa = PBXFileReference; lastKnownFileType = sourcecode.swift; name = File.swift; path = /Users/jalejandre/Documents/CodePath/Instagram/Instagram/File.swift; sourceTree = "<absolute>"; };
		7DF09A0221C2DA740087710C /* PhotoCell.swift */ = {isa = PBXFileReference; lastKnownFileType = sourcecode.swift; path = PhotoCell.swift; sourceTree = "<group>"; };
		7DF09A0421C2ED0F0087710C /* DetailsViewController.swift */ = {isa = PBXFileReference; lastKnownFileType = sourcecode.swift; path = DetailsViewController.swift; sourceTree = "<group>"; };
		92BADFE431DD6A33D6F7AF46 /* Pods_Instagram.framework */ = {isa = PBXFileReference; explicitFileType = wrapper.framework; includeInIndex = 0; path = Pods_Instagram.framework; sourceTree = BUILT_PRODUCTS_DIR; };
		92DBA5E60DC9BFDF03C44B0E /* Pods-InstagramUITests.debug.xcconfig */ = {isa = PBXFileReference; includeInIndex = 1; lastKnownFileType = text.xcconfig; name = "Pods-InstagramUITests.debug.xcconfig"; path = "Pods/Target Support Files/Pods-InstagramUITests/Pods-InstagramUITests.debug.xcconfig"; sourceTree = "<group>"; };
		B5451A8D0D804354E992BEEB /* Pods-InstagramTests.debug.xcconfig */ = {isa = PBXFileReference; includeInIndex = 1; lastKnownFileType = text.xcconfig; name = "Pods-InstagramTests.debug.xcconfig"; path = "Pods/Target Support Files/Pods-InstagramTests/Pods-InstagramTests.debug.xcconfig"; sourceTree = "<group>"; };
		E14C2CEC9A63025FC7FD3FD7 /* Pods_InstagramUITests.framework */ = {isa = PBXFileReference; explicitFileType = wrapper.framework; includeInIndex = 0; path = Pods_InstagramUITests.framework; sourceTree = BUILT_PRODUCTS_DIR; };
/* End PBXFileReference section */

/* Begin PBXFrameworksBuildPhase section */
		7D1ACD2B21A498C400949D23 /* Frameworks */ = {
			isa = PBXFrameworksBuildPhase;
			buildActionMask = 2147483647;
			files = (
				D366BC7FE71977C553D3DDFF /* Pods_Instagram.framework in Frameworks */,
			);
			runOnlyForDeploymentPostprocessing = 0;
		};
		7D1ACD3F21A498C600949D23 /* Frameworks */ = {
			isa = PBXFrameworksBuildPhase;
			buildActionMask = 2147483647;
			files = (
				80FBEBEF427AF3410E3D9DD7 /* Pods_InstagramTests.framework in Frameworks */,
			);
			runOnlyForDeploymentPostprocessing = 0;
		};
		7D1ACD4A21A498C600949D23 /* Frameworks */ = {
			isa = PBXFrameworksBuildPhase;
			buildActionMask = 2147483647;
			files = (
				D4C6937633807EEA304C558E /* Pods_InstagramUITests.framework in Frameworks */,
			);
			runOnlyForDeploymentPostprocessing = 0;
		};
/* End PBXFrameworksBuildPhase section */

/* Begin PBXGroup section */
		7D1ACD2521A498C400949D23 = {
			isa = PBXGroup;
			children = (
				7D1ACD3021A498C400949D23 /* Instagram */,
				7D1ACD4521A498C600949D23 /* InstagramTests */,
				7D1ACD5021A498C600949D23 /* InstagramUITests */,
				7D1ACD2F21A498C400949D23 /* Products */,
				EA7A5ECFD7C6BDDBB00DAF30 /* Pods */,
				C5CE91923E29163E5677E7B8 /* Frameworks */,
			);
			sourceTree = "<group>";
		};
		7D1ACD2F21A498C400949D23 /* Products */ = {
			isa = PBXGroup;
			children = (
				7D1ACD2E21A498C400949D23 /* Instagram.app */,
				7D1ACD4221A498C600949D23 /* InstagramTests.xctest */,
				7D1ACD4D21A498C600949D23 /* InstagramUITests.xctest */,
			);
			name = Products;
			sourceTree = "<group>";
		};
		7D1ACD3021A498C400949D23 /* Instagram */ = {
			isa = PBXGroup;
			children = (
				7DF099F821C1B4800087710C /* File.swift */,
				7D1ACD3121A498C400949D23 /* AppDelegate.swift */,
				7D1ACD5F21A49D8500949D23 /* LoginViewController.swift */,
				7DF099B221BDAD750087710C /* Assets.xcassets */,
				7D1ACD3321A498C400949D23 /* ViewController.swift */,
				7D1ACD3521A498C400949D23 /* Main.storyboard */,
				7D1ACD3A21A498C600949D23 /* LaunchScreen.storyboard */,
				7D1ACD3D21A498C600949D23 /* Info.plist */,
				7DCAB6B721B994470026A96E /* HomeFeedViewController.swift */,
				7DF099B421BDC3900087710C /* PhotosViewViewController.swift */,
				7DF09A0221C2DA740087710C /* PhotoCell.swift */,
				7DF09A0421C2ED0F0087710C /* DetailsViewController.swift */,
			);
			path = Instagram;
			sourceTree = "<group>";
		};
		7D1ACD4521A498C600949D23 /* InstagramTests */ = {
			isa = PBXGroup;
			children = (
				7D1ACD4621A498C600949D23 /* InstagramTests.swift */,
				7D1ACD4821A498C600949D23 /* Info.plist */,
			);
			path = InstagramTests;
			sourceTree = "<group>";
		};
		7D1ACD5021A498C600949D23 /* InstagramUITests */ = {
			isa = PBXGroup;
			children = (
				7D1ACD5121A498C600949D23 /* InstagramUITests.swift */,
				7D1ACD5321A498C600949D23 /* Info.plist */,
			);
			path = InstagramUITests;
			sourceTree = "<group>";
		};
		C5CE91923E29163E5677E7B8 /* Frameworks */ = {
			isa = PBXGroup;
			children = (
				92BADFE431DD6A33D6F7AF46 /* Pods_Instagram.framework */,
				66C2E9C52F2DFABAE55AB914 /* Pods_InstagramTests.framework */,
				E14C2CEC9A63025FC7FD3FD7 /* Pods_InstagramUITests.framework */,
			);
			name = Frameworks;
			sourceTree = "<group>";
		};
		EA7A5ECFD7C6BDDBB00DAF30 /* Pods */ = {
			isa = PBXGroup;
			children = (
				7C397DDE01895265A41F1319 /* Pods-Instagram.debug.xcconfig */,
				4897BE4FF24834DAE4EF3D83 /* Pods-Instagram.release.xcconfig */,
				B5451A8D0D804354E992BEEB /* Pods-InstagramTests.debug.xcconfig */,
				056B2C2E3894BB41729D6743 /* Pods-InstagramTests.release.xcconfig */,
				92DBA5E60DC9BFDF03C44B0E /* Pods-InstagramUITests.debug.xcconfig */,
				18E0B758D197ABD292AB99CB /* Pods-InstagramUITests.release.xcconfig */,
			);
			name = Pods;
			sourceTree = "<group>";
		};
/* End PBXGroup section */

/* Begin PBXNativeTarget section */
		7D1ACD2D21A498C400949D23 /* Instagram */ = {
			isa = PBXNativeTarget;
			buildConfigurationList = 7D1ACD5621A498C600949D23 /* Build configuration list for PBXNativeTarget "Instagram" */;
			buildPhases = (
				1F3EF6D8EB471C8DF9F2907F /* [CP] Check Pods Manifest.lock */,
				7D1ACD2A21A498C400949D23 /* Sources */,
				7D1ACD2B21A498C400949D23 /* Frameworks */,
				7D1ACD2C21A498C400949D23 /* Resources */,
				0ABEC55D8F228CB0799DBFFB /* [CP] Embed Pods Frameworks */,
			);
			buildRules = (
			);
			dependencies = (
			);
			name = Instagram;
			productName = Instagram;
			productReference = 7D1ACD2E21A498C400949D23 /* Instagram.app */;
			productType = "com.apple.product-type.application";
		};
		7D1ACD4121A498C600949D23 /* InstagramTests */ = {
			isa = PBXNativeTarget;
			buildConfigurationList = 7D1ACD5921A498C600949D23 /* Build configuration list for PBXNativeTarget "InstagramTests" */;
			buildPhases = (
				4422A4B9BB394A01429C2DD2 /* [CP] Check Pods Manifest.lock */,
				7D1ACD3E21A498C600949D23 /* Sources */,
				7D1ACD3F21A498C600949D23 /* Frameworks */,
				7D1ACD4021A498C600949D23 /* Resources */,
			);
			buildRules = (
			);
			dependencies = (
				7D1ACD4421A498C600949D23 /* PBXTargetDependency */,
			);
			name = InstagramTests;
			productName = InstagramTests;
			productReference = 7D1ACD4221A498C600949D23 /* InstagramTests.xctest */;
			productType = "com.apple.product-type.bundle.unit-test";
		};
		7D1ACD4C21A498C600949D23 /* InstagramUITests */ = {
			isa = PBXNativeTarget;
			buildConfigurationList = 7D1ACD5C21A498C600949D23 /* Build configuration list for PBXNativeTarget "InstagramUITests" */;
			buildPhases = (
				10B820E9B24BD29EB4B3941E /* [CP] Check Pods Manifest.lock */,
				7D1ACD4921A498C600949D23 /* Sources */,
				7D1ACD4A21A498C600949D23 /* Frameworks */,
				7D1ACD4B21A498C600949D23 /* Resources */,
			);
			buildRules = (
			);
			dependencies = (
				7D1ACD4F21A498C600949D23 /* PBXTargetDependency */,
			);
			name = InstagramUITests;
			productName = InstagramUITests;
			productReference = 7D1ACD4D21A498C600949D23 /* InstagramUITests.xctest */;
			productType = "com.apple.product-type.bundle.ui-testing";
		};
/* End PBXNativeTarget section */

/* Begin PBXProject section */
		7D1ACD2621A498C400949D23 /* Project object */ = {
			isa = PBXProject;
			attributes = {
				LastSwiftUpdateCheck = 1010;
				LastUpgradeCheck = 1010;
				ORGANIZATIONNAME = "Jorge Alejandre";
				TargetAttributes = {
					7D1ACD2D21A498C400949D23 = {
						CreatedOnToolsVersion = 10.1;
					};
					7D1ACD4121A498C600949D23 = {
						CreatedOnToolsVersion = 10.1;
						TestTargetID = 7D1ACD2D21A498C400949D23;
					};
					7D1ACD4C21A498C600949D23 = {
						CreatedOnToolsVersion = 10.1;
						TestTargetID = 7D1ACD2D21A498C400949D23;
					};
				};
			};
			buildConfigurationList = 7D1ACD2921A498C400949D23 /* Build configuration list for PBXProject "Instagram" */;
			compatibilityVersion = "Xcode 9.3";
			developmentRegion = en;
			hasScannedForEncodings = 0;
			knownRegions = (
				en,
				Base,
			);
			mainGroup = 7D1ACD2521A498C400949D23;
			productRefGroup = 7D1ACD2F21A498C400949D23 /* Products */;
			projectDirPath = "";
			projectRoot = "";
			targets = (
				7D1ACD2D21A498C400949D23 /* Instagram */,
				7D1ACD4121A498C600949D23 /* InstagramTests */,
				7D1ACD4C21A498C600949D23 /* InstagramUITests */,
			);
		};
/* End PBXProject section */

/* Begin PBXResourcesBuildPhase section */
		7D1ACD2C21A498C400949D23 /* Resources */ = {
			isa = PBXResourcesBuildPhase;
			buildActionMask = 2147483647;
			files = (
				7D1ACD3C21A498C600949D23 /* LaunchScreen.storyboard in Resources */,
				7DF099B321BDAD750087710C /* Assets.xcassets in Resources */,
				7D1ACD3721A498C400949D23 /* Main.storyboard in Resources */,
			);
			runOnlyForDeploymentPostprocessing = 0;
		};
		7D1ACD4021A498C600949D23 /* Resources */ = {
			isa = PBXResourcesBuildPhase;
			buildActionMask = 2147483647;
			files = (
			);
			runOnlyForDeploymentPostprocessing = 0;
		};
		7D1ACD4B21A498C600949D23 /* Resources */ = {
			isa = PBXResourcesBuildPhase;
			buildActionMask = 2147483647;
			files = (
			);
			runOnlyForDeploymentPostprocessing = 0;
		};
/* End PBXResourcesBuildPhase section */

/* Begin PBXShellScriptBuildPhase section */
		0ABEC55D8F228CB0799DBFFB /* [CP] Embed Pods Frameworks */ = {
			isa = PBXShellScriptBuildPhase;
			buildActionMask = 2147483647;
			files = (
			);
			inputFileListPaths = (
			);
			inputPaths = (
				"${SRCROOT}/Pods/Target Support Files/Pods-Instagram/Pods-Instagram-frameworks.sh",
				"${BUILT_PRODUCTS_DIR}/Bolts/Bolts.framework",
				"${BUILT_PRODUCTS_DIR}/Parse/Parse.framework",
			);
			name = "[CP] Embed Pods Frameworks";
			outputFileListPaths = (
			);
			outputPaths = (
				"${TARGET_BUILD_DIR}/${FRAMEWORKS_FOLDER_PATH}/Bolts.framework",
				"${TARGET_BUILD_DIR}/${FRAMEWORKS_FOLDER_PATH}/Parse.framework",
			);
			runOnlyForDeploymentPostprocessing = 0;
			shellPath = /bin/sh;
			shellScript = "\"${SRCROOT}/Pods/Target Support Files/Pods-Instagram/Pods-Instagram-frameworks.sh\"\n";
			showEnvVarsInLog = 0;
		};
		10B820E9B24BD29EB4B3941E /* [CP] Check Pods Manifest.lock */ = {
			isa = PBXShellScriptBuildPhase;
			buildActionMask = 2147483647;
			files = (
			);
			inputFileListPaths = (
			);
			inputPaths = (
				"${PODS_PODFILE_DIR_PATH}/Podfile.lock",
				"${PODS_ROOT}/Manifest.lock",
			);
			name = "[CP] Check Pods Manifest.lock";
			outputFileListPaths = (
			);
			outputPaths = (
				"$(DERIVED_FILE_DIR)/Pods-InstagramUITests-checkManifestLockResult.txt",
			);
			runOnlyForDeploymentPostprocessing = 0;
			shellPath = /bin/sh;
			shellScript = "diff \"${PODS_PODFILE_DIR_PATH}/Podfile.lock\" \"${PODS_ROOT}/Manifest.lock\" > /dev/null\nif [ $? != 0 ] ; then\n    # print error to STDERR\n    echo \"error: The sandbox is not in sync with the Podfile.lock. Run 'pod install' or update your CocoaPods installation.\" >&2\n    exit 1\nfi\n# This output is used by Xcode 'outputs' to avoid re-running this script phase.\necho \"SUCCESS\" > \"${SCRIPT_OUTPUT_FILE_0}\"\n";
			showEnvVarsInLog = 0;
		};
		1F3EF6D8EB471C8DF9F2907F /* [CP] Check Pods Manifest.lock */ = {
			isa = PBXShellScriptBuildPhase;
			buildActionMask = 2147483647;
			files = (
			);
			inputFileListPaths = (
			);
			inputPaths = (
				"${PODS_PODFILE_DIR_PATH}/Podfile.lock",
				"${PODS_ROOT}/Manifest.lock",
			);
			name = "[CP] Check Pods Manifest.lock";
			outputFileListPaths = (
			);
			outputPaths = (
				"$(DERIVED_FILE_DIR)/Pods-Instagram-checkManifestLockResult.txt",
			);
			runOnlyForDeploymentPostprocessing = 0;
			shellPath = /bin/sh;
			shellScript = "diff \"${PODS_PODFILE_DIR_PATH}/Podfile.lock\" \"${PODS_ROOT}/Manifest.lock\" > /dev/null\nif [ $? != 0 ] ; then\n    # print error to STDERR\n    echo \"error: The sandbox is not in sync with the Podfile.lock. Run 'pod install' or update your CocoaPods installation.\" >&2\n    exit 1\nfi\n# This output is used by Xcode 'outputs' to avoid re-running this script phase.\necho \"SUCCESS\" > \"${SCRIPT_OUTPUT_FILE_0}\"\n";
			showEnvVarsInLog = 0;
		};
		4422A4B9BB394A01429C2DD2 /* [CP] Check Pods Manifest.lock */ = {
			isa = PBXShellScriptBuildPhase;
			buildActionMask = 2147483647;
			files = (
			);
			inputFileListPaths = (
			);
			inputPaths = (
				"${PODS_PODFILE_DIR_PATH}/Podfile.lock",
				"${PODS_ROOT}/Manifest.lock",
			);
			name = "[CP] Check Pods Manifest.lock";
			outputFileListPaths = (
			);
			outputPaths = (
				"$(DERIVED_FILE_DIR)/Pods-InstagramTests-checkManifestLockResult.txt",
			);
			runOnlyForDeploymentPostprocessing = 0;
			shellPath = /bin/sh;
			shellScript = "diff \"${PODS_PODFILE_DIR_PATH}/Podfile.lock\" \"${PODS_ROOT}/Manifest.lock\" > /dev/null\nif [ $? != 0 ] ; then\n    # print error to STDERR\n    echo \"error: The sandbox is not in sync with the Podfile.lock. Run 'pod install' or update your CocoaPods installation.\" >&2\n    exit 1\nfi\n# This output is used by Xcode 'outputs' to avoid re-running this script phase.\necho \"SUCCESS\" > \"${SCRIPT_OUTPUT_FILE_0}\"\n";
			showEnvVarsInLog = 0;
		};
/* End PBXShellScriptBuildPhase section */

/* Begin PBXSourcesBuildPhase section */
		7D1ACD2A21A498C400949D23 /* Sources */ = {
			isa = PBXSourcesBuildPhase;
			buildActionMask = 2147483647;
			files = (
				7DF09A0321C2DA740087710C /* PhotoCell.swift in Sources */,
				7DF099B521BDC3900087710C /* PhotosViewViewController.swift in Sources */,
				7DF099F921C1B4800087710C /* File.swift in Sources */,
				7DF09A0521C2ED0F0087710C /* DetailsViewController.swift in Sources */,
				7D1ACD6021A49D8500949D23 /* LoginViewController.swift in Sources */,
				7D1ACD3421A498C400949D23 /* ViewController.swift in Sources */,
				7D1ACD3221A498C400949D23 /* AppDelegate.swift in Sources */,
				7DCAB6B821B994470026A96E /* HomeFeedViewController.swift in Sources */,
			);
			runOnlyForDeploymentPostprocessing = 0;
		};
		7D1ACD3E21A498C600949D23 /* Sources */ = {
			isa = PBXSourcesBuildPhase;
			buildActionMask = 2147483647;
			files = (
				7D1ACD4721A498C600949D23 /* InstagramTests.swift in Sources */,
			);
			runOnlyForDeploymentPostprocessing = 0;
		};
		7D1ACD4921A498C600949D23 /* Sources */ = {
			isa = PBXSourcesBuildPhase;
			buildActionMask = 2147483647;
			files = (
				7D1ACD5221A498C600949D23 /* InstagramUITests.swift in Sources */,
			);
			runOnlyForDeploymentPostprocessing = 0;
		};
/* End PBXSourcesBuildPhase section */

/* Begin PBXTargetDependency section */
		7D1ACD4421A498C600949D23 /* PBXTargetDependency */ = {
			isa = PBXTargetDependency;
			target = 7D1ACD2D21A498C400949D23 /* Instagram */;
			targetProxy = 7D1ACD4321A498C600949D23 /* PBXContainerItemProxy */;
		};
		7D1ACD4F21A498C600949D23 /* PBXTargetDependency */ = {
			isa = PBXTargetDependency;
			target = 7D1ACD2D21A498C400949D23 /* Instagram */;
			targetProxy = 7D1ACD4E21A498C600949D23 /* PBXContainerItemProxy */;
		};
/* End PBXTargetDependency section */

/* Begin PBXVariantGroup section */
		7D1ACD3521A498C400949D23 /* Main.storyboard */ = {
			isa = PBXVariantGroup;
			children = (
				7D1ACD3621A498C400949D23 /* Base */,
			);
			name = Main.storyboard;
			sourceTree = "<group>";
		};
		7D1ACD3A21A498C600949D23 /* LaunchScreen.storyboard */ = {
			isa = PBXVariantGroup;
			children = (
				7D1ACD3B21A498C600949D23 /* Base */,
			);
			name = LaunchScreen.storyboard;
			sourceTree = "<group>";
		};
/* End PBXVariantGroup section */

/* Begin XCBuildConfiguration section */
		7D1ACD5421A498C600949D23 /* Debug */ = {
			isa = XCBuildConfiguration;
			buildSettings = {
				ALWAYS_SEARCH_USER_PATHS = NO;
				CLANG_ANALYZER_NONNULL = YES;
				CLANG_ANALYZER_NUMBER_OBJECT_CONVERSION = YES_AGGRESSIVE;
				CLANG_CXX_LANGUAGE_STANDARD = "gnu++14";
				CLANG_CXX_LIBRARY = "libc++";
				CLANG_ENABLE_MODULES = YES;
				CLANG_ENABLE_OBJC_ARC = YES;
				CLANG_ENABLE_OBJC_WEAK = YES;
				CLANG_WARN_BLOCK_CAPTURE_AUTORELEASING = YES;
				CLANG_WARN_BOOL_CONVERSION = YES;
				CLANG_WARN_COMMA = YES;
				CLANG_WARN_CONSTANT_CONVERSION = YES;
				CLANG_WARN_DEPRECATED_OBJC_IMPLEMENTATIONS = YES;
				CLANG_WARN_DIRECT_OBJC_ISA_USAGE = YES_ERROR;
				CLANG_WARN_DOCUMENTATION_COMMENTS = YES;
				CLANG_WARN_EMPTY_BODY = YES;
				CLANG_WARN_ENUM_CONVERSION = YES;
				CLANG_WARN_INFINITE_RECURSION = YES;
				CLANG_WARN_INT_CONVERSION = YES;
				CLANG_WARN_NON_LITERAL_NULL_CONVERSION = YES;
				CLANG_WARN_OBJC_IMPLICIT_RETAIN_SELF = YES;
				CLANG_WARN_OBJC_LITERAL_CONVERSION = YES;
				CLANG_WARN_OBJC_ROOT_CLASS = YES_ERROR;
				CLANG_WARN_RANGE_LOOP_ANALYSIS = YES;
				CLANG_WARN_STRICT_PROTOTYPES = YES;
				CLANG_WARN_SUSPICIOUS_MOVE = YES;
				CLANG_WARN_UNGUARDED_AVAILABILITY = YES_AGGRESSIVE;
				CLANG_WARN_UNREACHABLE_CODE = YES;
				CLANG_WARN__DUPLICATE_METHOD_MATCH = YES;
				CODE_SIGN_IDENTITY = "iPhone Developer";
				COPY_PHASE_STRIP = NO;
				DEBUG_INFORMATION_FORMAT = dwarf;
				ENABLE_STRICT_OBJC_MSGSEND = YES;
				ENABLE_TESTABILITY = YES;
				GCC_C_LANGUAGE_STANDARD = gnu11;
				GCC_DYNAMIC_NO_PIC = NO;
				GCC_NO_COMMON_BLOCKS = YES;
				GCC_OPTIMIZATION_LEVEL = 0;
				GCC_PREPROCESSOR_DEFINITIONS = (
					"DEBUG=1",
					"$(inherited)",
				);
				GCC_WARN_64_TO_32_BIT_CONVERSION = YES;
				GCC_WARN_ABOUT_RETURN_TYPE = YES_ERROR;
				GCC_WARN_UNDECLARED_SELECTOR = YES;
				GCC_WARN_UNINITIALIZED_AUTOS = YES_AGGRESSIVE;
				GCC_WARN_UNUSED_FUNCTION = YES;
				GCC_WARN_UNUSED_VARIABLE = YES;
				IPHONEOS_DEPLOYMENT_TARGET = 12.1;
				MTL_ENABLE_DEBUG_INFO = INCLUDE_SOURCE;
				MTL_FAST_MATH = YES;
				ONLY_ACTIVE_ARCH = YES;
				SDKROOT = iphoneos;
				SWIFT_ACTIVE_COMPILATION_CONDITIONS = DEBUG;
				SWIFT_OPTIMIZATION_LEVEL = "-Onone";
			};
			name = Debug;
		};
		7D1ACD5521A498C600949D23 /* Release */ = {
			isa = XCBuildConfiguration;
			buildSettings = {
				ALWAYS_SEARCH_USER_PATHS = NO;
				CLANG_ANALYZER_NONNULL = YES;
				CLANG_ANALYZER_NUMBER_OBJECT_CONVERSION = YES_AGGRESSIVE;
				CLANG_CXX_LANGUAGE_STANDARD = "gnu++14";
				CLANG_CXX_LIBRARY = "libc++";
				CLANG_ENABLE_MODULES = YES;
				CLANG_ENABLE_OBJC_ARC = YES;
				CLANG_ENABLE_OBJC_WEAK = YES;
				CLANG_WARN_BLOCK_CAPTURE_AUTORELEASING = YES;
				CLANG_WARN_BOOL_CONVERSION = YES;
				CLANG_WARN_COMMA = YES;
				CLANG_WARN_CONSTANT_CONVERSION = YES;
				CLANG_WARN_DEPRECATED_OBJC_IMPLEMENTATIONS = YES;
				CLANG_WARN_DIRECT_OBJC_ISA_USAGE = YES_ERROR;
				CLANG_WARN_DOCUMENTATION_COMMENTS = YES;
				CLANG_WARN_EMPTY_BODY = YES;
				CLANG_WARN_ENUM_CONVERSION = YES;
				CLANG_WARN_INFINITE_RECURSION = YES;
				CLANG_WARN_INT_CONVERSION = YES;
				CLANG_WARN_NON_LITERAL_NULL_CONVERSION = YES;
				CLANG_WARN_OBJC_IMPLICIT_RETAIN_SELF = YES;
				CLANG_WARN_OBJC_LITERAL_CONVERSION = YES;
				CLANG_WARN_OBJC_ROOT_CLASS = YES_ERROR;
				CLANG_WARN_RANGE_LOOP_ANALYSIS = YES;
				CLANG_WARN_STRICT_PROTOTYPES = YES;
				CLANG_WARN_SUSPICIOUS_MOVE = YES;
				CLANG_WARN_UNGUARDED_AVAILABILITY = YES_AGGRESSIVE;
				CLANG_WARN_UNREACHABLE_CODE = YES;
				CLANG_WARN__DUPLICATE_METHOD_MATCH = YES;
				CODE_SIGN_IDENTITY = "iPhone Developer";
				COPY_PHASE_STRIP = NO;
				DEBUG_INFORMATION_FORMAT = "dwarf-with-dsym";
				ENABLE_NS_ASSERTIONS = NO;
				ENABLE_STRICT_OBJC_MSGSEND = YES;
				GCC_C_LANGUAGE_STANDARD = gnu11;
				GCC_NO_COMMON_BLOCKS = YES;
				GCC_WARN_64_TO_32_BIT_CONVERSION = YES;
				GCC_WARN_ABOUT_RETURN_TYPE = YES_ERROR;
				GCC_WARN_UNDECLARED_SELECTOR = YES;
				GCC_WARN_UNINITIALIZED_AUTOS = YES_AGGRESSIVE;
				GCC_WARN_UNUSED_FUNCTION = YES;
				GCC_WARN_UNUSED_VARIABLE = YES;
				IPHONEOS_DEPLOYMENT_TARGET = 12.1;
				MTL_ENABLE_DEBUG_INFO = NO;
				MTL_FAST_MATH = YES;
				SDKROOT = iphoneos;
				SWIFT_COMPILATION_MODE = wholemodule;
				SWIFT_OPTIMIZATION_LEVEL = "-O";
				VALIDATE_PRODUCT = YES;
			};
			name = Release;
		};
		7D1ACD5721A498C600949D23 /* Debug */ = {
			isa = XCBuildConfiguration;
			baseConfigurationReference = 7C397DDE01895265A41F1319 /* Pods-Instagram.debug.xcconfig */;
			buildSettings = {
				ASSETCATALOG_COMPILER_APPICON_NAME = AppIcon;
				CODE_SIGN_STYLE = Automatic;
				INFOPLIST_FILE = Instagram/Info.plist;
				LD_RUNPATH_SEARCH_PATHS = (
					"$(inherited)",
					"@executable_path/Frameworks",
				);
				PRODUCT_BUNDLE_IDENTIFIER = Instagram.Instagram;
				PRODUCT_NAME = "$(TARGET_NAME)";
				SWIFT_VERSION = 4.2;
				TARGETED_DEVICE_FAMILY = "1,2";
			};
			name = Debug;
		};
		7D1ACD5821A498C600949D23 /* Release */ = {
			isa = XCBuildConfiguration;
			baseConfigurationReference = 4897BE4FF24834DAE4EF3D83 /* Pods-Instagram.release.xcconfig */;
			buildSettings = {
				ASSETCATALOG_COMPILER_APPICON_NAME = AppIcon;
				CODE_SIGN_STYLE = Automatic;
				INFOPLIST_FILE = Instagram/Info.plist;
				LD_RUNPATH_SEARCH_PATHS = (
					"$(inherited)",
					"@executable_path/Frameworks",
				);
				PRODUCT_BUNDLE_IDENTIFIER = Instagram.Instagram;
				PRODUCT_NAME = "$(TARGET_NAME)";
				SWIFT_VERSION = 4.2;
				TARGETED_DEVICE_FAMILY = "1,2";
			};
			name = Release;
		};
		7D1ACD5A21A498C600949D23 /* Debug */ = {
			isa = XCBuildConfiguration;
			baseConfigurationReference = B5451A8D0D804354E992BEEB /* Pods-InstagramTests.debug.xcconfig */;
			buildSettings = {
				ALWAYS_EMBED_SWIFT_STANDARD_LIBRARIES = YES;
				BUNDLE_LOADER = "$(TEST_HOST)";
				CODE_SIGN_STYLE = Automatic;
				INFOPLIST_FILE = InstagramTests/Info.plist;
				LD_RUNPATH_SEARCH_PATHS = (
					"$(inherited)",
					"@executable_path/Frameworks",
					"@loader_path/Frameworks",
				);
				PRODUCT_BUNDLE_IDENTIFIER = Instagram.InstagramTests;
				PRODUCT_NAME = "$(TARGET_NAME)";
				SWIFT_VERSION = 4.2;
				TARGETED_DEVICE_FAMILY = "1,2";
				TEST_HOST = "$(BUILT_PRODUCTS_DIR)/Instagram.app/Instagram";
			};
			name = Debug;
		};
		7D1ACD5B21A498C600949D23 /* Release */ = {
			isa = XCBuildConfiguration;
			baseConfigurationReference = 056B2C2E3894BB41729D6743 /* Pods-InstagramTests.release.xcconfig */;
			buildSettings = {
				ALWAYS_EMBED_SWIFT_STANDARD_LIBRARIES = YES;
				BUNDLE_LOADER = "$(TEST_HOST)";
				CODE_SIGN_STYLE = Automatic;
				INFOPLIST_FILE = InstagramTests/Info.plist;
				LD_RUNPATH_SEARCH_PATHS = (
					"$(inherited)",
					"@executable_path/Frameworks",
					"@loader_path/Frameworks",
				);
				PRODUCT_BUNDLE_IDENTIFIER = Instagram.InstagramTests;
				PRODUCT_NAME = "$(TARGET_NAME)";
				SWIFT_VERSION = 4.2;
				TARGETED_DEVICE_FAMILY = "1,2";
				TEST_HOST = "$(BUILT_PRODUCTS_DIR)/Instagram.app/Instagram";
			};
			name = Release;
		};
		7D1ACD5D21A498C600949D23 /* Debug */ = {
			isa = XCBuildConfiguration;
			baseConfigurationReference = 92DBA5E60DC9BFDF03C44B0E /* Pods-InstagramUITests.debug.xcconfig */;
			buildSettings = {
				ALWAYS_EMBED_SWIFT_STANDARD_LIBRARIES = YES;
				CODE_SIGN_STYLE = Automatic;
				INFOPLIST_FILE = InstagramUITests/Info.plist;
				LD_RUNPATH_SEARCH_PATHS = (
					"$(inherited)",
					"@executable_path/Frameworks",
					"@loader_path/Frameworks",
				);
				PRODUCT_BUNDLE_IDENTIFIER = Instagram.InstagramUITests;
				PRODUCT_NAME = "$(TARGET_NAME)";
				SWIFT_VERSION = 4.2;
				TARGETED_DEVICE_FAMILY = "1,2";
				TEST_TARGET_NAME = Instagram;
			};
			name = Debug;
		};
		7D1ACD5E21A498C600949D23 /* Release */ = {
			isa = XCBuildConfiguration;
			baseConfigurationReference = 18E0B758D197ABD292AB99CB /* Pods-InstagramUITests.release.xcconfig */;
			buildSettings = {
				ALWAYS_EMBED_SWIFT_STANDARD_LIBRARIES = YES;
				CODE_SIGN_STYLE = Automatic;
				INFOPLIST_FILE = InstagramUITests/Info.plist;
				LD_RUNPATH_SEARCH_PATHS = (
					"$(inherited)",
					"@executable_path/Frameworks",
					"@loader_path/Frameworks",
				);
				PRODUCT_BUNDLE_IDENTIFIER = Instagram.InstagramUITests;
				PRODUCT_NAME = "$(TARGET_NAME)";
				SWIFT_VERSION = 4.2;
				TARGETED_DEVICE_FAMILY = "1,2";
				TEST_TARGET_NAME = Instagram;
			};
			name = Release;
		};
/* End XCBuildConfiguration section */

/* Begin XCConfigurationList section */
		7D1ACD2921A498C400949D23 /* Build configuration list for PBXProject "Instagram" */ = {
			isa = XCConfigurationList;
			buildConfigurations = (
				7D1ACD5421A498C600949D23 /* Debug */,
				7D1ACD5521A498C600949D23 /* Release */,
			);
			defaultConfigurationIsVisible = 0;
			defaultConfigurationName = Release;
		};
		7D1ACD5621A498C600949D23 /* Build configuration list for PBXNativeTarget "Instagram" */ = {
			isa = XCConfigurationList;
			buildConfigurations = (
				7D1ACD5721A498C600949D23 /* Debug */,
				7D1ACD5821A498C600949D23 /* Release */,
			);
			defaultConfigurationIsVisible = 0;
			defaultConfigurationName = Release;
		};
		7D1ACD5921A498C600949D23 /* Build configuration list for PBXNativeTarget "InstagramTests" */ = {
			isa = XCConfigurationList;
			buildConfigurations = (
				7D1ACD5A21A498C600949D23 /* Debug */,
				7D1ACD5B21A498C600949D23 /* Release */,
			);
			defaultConfigurationIsVisible = 0;
			defaultConfigurationName = Release;
		};
		7D1ACD5C21A498C600949D23 /* Build configuration list for PBXNativeTarget "InstagramUITests" */ = {
			isa = XCConfigurationList;
			buildConfigurations = (
				7D1ACD5D21A498C600949D23 /* Debug */,
				7D1ACD5E21A498C600949D23 /* Release */,
			);
			defaultConfigurationIsVisible = 0;
			defaultConfigurationName = Release;
		};
/* End XCConfigurationList section */
	};
	rootObject = 7D1ACD2621A498C400949D23 /* Project object */;
}
